// !$*UTF8*$!
{
	archiveVersion = 1;
	classes = {
	};
	objectVersion = 46;
	objects = {

/* Begin PBXBuildFile section */
		D477B7941D2D4F6E00536C54 /* AppDelegate.swift in Sources */ = {isa = PBXBuildFile; fileRef = D477B7931D2D4F6E00536C54 /* AppDelegate.swift */; };
		D477B7961D2D4F6E00536C54 /* FaceViewController.swift in Sources */ = {isa = PBXBuildFile; fileRef = D477B7951D2D4F6E00536C54 /* FaceViewController.swift */; };
		D477B7991D2D4F6E00536C54 /* Main.storyboard in Resources */ = {isa = PBXBuildFile; fileRef = D477B7971D2D4F6E00536C54 /* Main.storyboard */; };
		D477B79B1D2D4F6E00536C54 /* Assets.xcassets in Resources */ = {isa = PBXBuildFile; fileRef = D477B79A1D2D4F6E00536C54 /* Assets.xcassets */; };
		D477B79E1D2D4F6E00536C54 /* LaunchScreen.storyboard in Resources */ = {isa = PBXBuildFile; fileRef = D477B79C1D2D4F6E00536C54 /* LaunchScreen.storyboard */; };
		D477B7A71D2D502C00536C54 /* FaceView.swift in Sources */ = {isa = PBXBuildFile; fileRef = D477B7A61D2D502C00536C54 /* FaceView.swift */; };
/* End PBXBuildFile section */

/* Begin PBXFileReference section */
		D477B7901D2D4F6E00536C54 /* FaceIt.app */ = {isa = PBXFileReference; explicitFileType = wrapper.application; includeInIndex = 0; path = FaceIt.app; sourceTree = BUILT_PRODUCTS_DIR; };
		D477B7931D2D4F6E00536C54 /* AppDelegate.swift */ = {isa = PBXFileReference; lastKnownFileType = sourcecode.swift; path = AppDelegate.swift; sourceTree = "<group>"; };
		D477B7951D2D4F6E00536C54 /* FaceViewController.swift */ = {isa = PBXFileReference; lastKnownFileType = sourcecode.swift; path = FaceViewController.swift; sourceTree = "<group>"; };
		D477B7981D2D4F6E00536C54 /* Base */ = {isa = PBXFileReference; lastKnownFileType = file.storyboard; name = Base; path = Base.lproj/Main.storyboard; sourceTree = "<group>"; };
		D477B79A1D2D4F6E00536C54 /* Assets.xcassets */ = {isa = PBXFileReference; lastKnownFileType = folder.assetcatalog; path = Assets.xcassets; sourceTree = "<group>"; };
		D477B79D1D2D4F6E00536C54 /* Base */ = {isa = PBXFileReference; lastKnownFileType = file.storyboard; name = Base; path = Base.lproj/LaunchScreen.storyboard; sourceTree = "<group>"; };
		D477B79F1D2D4F6E00536C54 /* Info.plist */ = {isa = PBXFileReference; lastKnownFileType = text.plist.xml; path = Info.plist; sourceTree = "<group>"; };
		D477B7A61D2D502C00536C54 /* FaceView.swift */ = {isa = PBXFileReference; fileEncoding = 4; lastKnownFileType = sourcecode.swift; path = FaceView.swift; sourceTree = "<group>"; };
/* End PBXFileReference section */

/* Begin PBXFrameworksBuildPhase section */
		D477B78D1D2D4F6E00536C54 /* Frameworks */ = {
			isa = PBXFrameworksBuildPhase;
			buildActionMask = 2147483647;
			files = (
			);
			runOnlyForDeploymentPostprocessing = 0;
		};
/* End PBXFrameworksBuildPhase section */

/* Begin PBXGroup section */
		D477B7871D2D4F6E00536C54 = {
			isa = PBXGroup;
			children = (
				D477B7921D2D4F6E00536C54 /* FaceIt */,
				D477B7911D2D4F6E00536C54 /* Products */,
			);
			sourceTree = "<group>";
		};
		D477B7911D2D4F6E00536C54 /* Products */ = {
			isa = PBXGroup;
			children = (
				D477B7901D2D4F6E00536C54 /* FaceIt.app */,
			);
			name = Products;
			sourceTree = "<group>";
		};
		D477B7921D2D4F6E00536C54 /* FaceIt */ = {
			isa = PBXGroup;
			children = (
				D477B7A51D2D4F8900536C54 /* Supporting Files */,
				D477B7951D2D4F6E00536C54 /* FaceViewController.swift */,
				D477B7A61D2D502C00536C54 /* FaceView.swift */,
				D477B7971D2D4F6E00536C54 /* Main.storyboard */,
			);
			path = FaceIt;
			sourceTree = "<group>";
		};
		D477B7A51D2D4F8900536C54 /* Supporting Files */ = {
			isa = PBXGroup;
			children = (
				D477B7931D2D4F6E00536C54 /* AppDelegate.swift */,
				D477B79A1D2D4F6E00536C54 /* Assets.xcassets */,
				D477B79C1D2D4F6E00536C54 /* LaunchScreen.storyboard */,
				D477B79F1D2D4F6E00536C54 /* Info.plist */,
			);
			name = "Supporting Files";
			sourceTree = "<group>";
		};
/* End PBXGroup section */

/* Begin PBXNativeTarget section */
		D477B78F1D2D4F6E00536C54 /* FaceIt */ = {
			isa = PBXNativeTarget;
			buildConfigurationList = D477B7A21D2D4F6E00536C54 /* Build configuration list for PBXNativeTarget "FaceIt" */;
			buildPhases = (
				D477B78C1D2D4F6E00536C54 /* Sources */,
				D477B78D1D2D4F6E00536C54 /* Frameworks */,
				D477B78E1D2D4F6E00536C54 /* Resources */,
			);
			buildRules = (
			);
			dependencies = (
			);
			name = FaceIt;
			productName = FaceIt;
			productReference = D477B7901D2D4F6E00536C54 /* FaceIt.app */;
			productType = "com.apple.product-type.application";
		};
/* End PBXNativeTarget section */

/* Begin PBXProject section */
		D477B7881D2D4F6E00536C54 /* Project object */ = {
			isa = PBXProject;
			attributes = {
				LastSwiftUpdateCheck = 0730;
				LastUpgradeCheck = 0730;
				ORGANIZATIONNAME = "Hom, Kenneth";
				TargetAttributes = {
					D477B78F1D2D4F6E00536C54 = {
						CreatedOnToolsVersion = 7.3.1;
					};
				};
			};
			buildConfigurationList = D477B78B1D2D4F6E00536C54 /* Build configuration list for PBXProject "FaceIt" */;
			compatibilityVersion = "Xcode 3.2";
			developmentRegion = English;
			hasScannedForEncodings = 0;
			knownRegions = (
				en,
				Base,
			);
			mainGroup = D477B7871D2D4F6E00536C54;
			productRefGroup = D477B7911D2D4F6E00536C54 /* Products */;
			projectDirPath = "";
			projectRoot = "";
			targets = (
				D477B78F1D2D4F6E00536C54 /* FaceIt */,
			);
		};
/* End PBXProject section */

/* Begin PBXResourcesBuildPhase section */
		D477B78E1D2D4F6E00536C54 /* Resources */ = {
			isa = PBXResourcesBuildPhase;
			buildActionMask = 2147483647;
			files = (
				D477B79E1D2D4F6E00536C54 /* LaunchScreen.storyboard in Resources */,
				D477B79B1D2D4F6E00536C54 /* Assets.xcassets in Resources */,
				D477B7991D2D4F6E00536C54 /* Main.storyboard in Resources */,
			);
			runOnlyForDeploymentPostprocessing = 0;
		};
/* End PBXResourcesBuildPhase section */

/* Begin PBXSourcesBuildPhase section */
		D477B78C1D2D4F6E00536C54 /* Sources */ = {
			isa = PBXSourcesBuildPhase;
			buildActionMask = 2147483647;
			files = (
				D477B7961D2D4F6E00536C54 /* FaceViewController.swift in Sources */,
				D477B7941D2D4F6E00536C54 /* AppDelegate.swift in Sources */,
				D477B7A71D2D502C00536C54 /* FaceView.swift in Sources */,
			);
			runOnlyForDeploymentPostprocessing = 0;
		};
/* End PBXSourcesBuildPhase section */

/* Begin PBXVariantGroup section */
		D477B7971D2D4F6E00536C54 /* Main.storyboard */ = {
			isa = PBXVariantGroup;
			children = (
				D477B7981D2D4F6E00536C54 /* Base */,
			);
			name = Main.storyboard;
			sourceTree = "<group>";
		};
		D477B79C1D2D4F6E00536C54 /* LaunchScreen.storyboard */ = {
			isa = PBXVariantGroup;
			children = (
				D477B79D1D2D4F6E00536C54 /* Base */,
			);
			name = LaunchScreen.storyboard;
			sourceTree = "<group>";
		};
/* End PBXVariantGroup section */

/* Begin XCBuildConfiguration section */
		D477B7A01D2D4F6E00536C54 /* Debug */ = {
			isa = XCBuildConfiguration;
			buildSettings = {
				ALWAYS_SEARCH_USER_PATHS = NO;
				CLANG_ANALYZER_NONNULL = YES;
				CLANG_CXX_LANGUAGE_STANDARD = "gnu++0x";
				CLANG_CXX_LIBRARY = "libc++";
				CLANG_ENABLE_MODULES = YES;
				CLANG_ENABLE_OBJC_ARC = YES;
				CLANG_WARN_BOOL_CONVERSION = YES;
				CLANG_WARN_CONSTANT_CONVERSION = YES;
				CLANG_WARN_DIRECT_OBJC_ISA_USAGE = YES_ERROR;
				CLANG_WARN_EMPTY_BODY = YES;
				CLANG_WARN_ENUM_CONVERSION = YES;
				CLANG_WARN_INT_CONVERSION = YES;
				CLANG_WARN_OBJC_ROOT_CLASS = YES_ERROR;
				CLANG_WARN_UNREACHABLE_CODE = YES;
				CLANG_WARN__DUPLICATE_METHOD_MATCH = YES;
				"CODE_SIGN_IDENTITY[sdk=iphoneos*]" = "iPhone Developer";
				COPY_PHASE_STRIP = NO;
				DEBUG_INFORMATION_FORMAT = dwarf;
				ENABLE_STRICT_OBJC_MSGSEND = YES;
				ENABLE_TESTABILITY = YES;
				GCC_C_LANGUAGE_STANDARD = gnu99;
				GCC_DYNAMIC_NO_PIC = NO;
				GCC_NO_COMMON_BLOCKS = YES;
				GCC_OPTIMIZATION_LEVEL = 0;
				GCC_PREPROCESSOR_DEFINITIONS = (
					"DEBUG=1",
					"$(inherited)",
				);
				GCC_WARN_64_TO_32_BIT_CONVERSION = YES;
				GCC_WARN_ABOUT_RETURN_TYPE = YES_ERROR;
				GCC_WARN_UNDECLARED_SELECTOR = YES;
				GCC_WARN_UNINITIALIZED_AUTOS = YES_AGGRESSIVE;
				GCC_WARN_UNUSED_FUNCTION = YES;
				GCC_WARN_UNUSED_VARIABLE = YES;
				IPHONEOS_DEPLOYMENT_TARGET = 9.3;
				MTL_ENABLE_DEBUG_INFO = YES;
				ONLY_ACTIVE_ARCH = YES;
				SDKROOT = iphoneos;
				SWIFT_OPTIMIZATION_LEVEL = "-Onone";
				TARGETED_DEVICE_FAMILY = "1,2";
			};
			name = Debug;
		};
		D477B7A11D2D4F6E00536C54 /* Release */ = {
			isa = XCBuildConfiguration;
			buildSettings = {
				ALWAYS_SEARCH_USER_PATHS = NO;
				CLANG_ANALYZER_NONNULL = YES;
				CLANG_CXX_LANGUAGE_STANDARD = "gnu++0x";
				CLANG_CXX_LIBRARY = "libc++";
				CLANG_ENABLE_MODULES = YES;
				CLANG_ENABLE_OBJC_ARC = YES;
				CLANG_WARN_BOOL_CONVERSION = YES;
				CLANG_WARN_CONSTANT_CONVERSION = YES;
				CLANG_WARN_DIRECT_OBJC_ISA_USAGE = YES_ERROR;
				CLANG_WARN_EMPTY_BODY = YES;
				CLANG_WARN_ENUM_CONVERSION = YES;
				CLANG_WARN_INT_CONVERSION = YES;
				CLANG_WARN_OBJC_ROOT_CLASS = YES_ERROR;
				CLANG_WARN_UNREACHABLE_CODE = YES;
				CLANG_WARN__DUPLICATE_METHOD_MATCH = YES;
				"CODE_SIGN_IDENTITY[sdk=iphoneos*]" = "iPhone Developer";
				COPY_PHASE_STRIP = NO;
				DEBUG_INFORMATION_FORMAT = "dwarf-with-dsym";
				ENABLE_NS_ASSERTIONS = NO;
				ENABLE_STRICT_OBJC_MSGSEND = YES;
				GCC_C_LANGUAGE_STANDARD = gnu99;
				GCC_NO_COMMON_BLOCKS = YES;
				GCC_WARN_64_TO_32_BIT_CONVERSION = YES;
				GCC_WARN_ABOUT_RETURN_TYPE = YES_ERROR;
				GCC_WARN_UNDECLARED_SELECTOR = YES;
				GCC_WARN_UNINITIALIZED_AUTOS = YES_AGGRESSIVE;
				GCC_WARN_UNUSED_FUNCTION = YES;
				GCC_WARN_UNUSED_VARIABLE = YES;
				IPHONEOS_DEPLOYMENT_TARGET = 9.3;
				MTL_ENABLE_DEBUG_INFO = NO;
				SDKROOT = iphoneos;
				TARGETED_DEVICE_FAMILY = "1,2";
				VALIDATE_PRODUCT = YES;
			};
			name = Release;
		};
		D477B7A31D2D4F6E00536C54 /* Debug */ = {
			isa = XCBuildConfiguration;
			buildSettings = {
				ASSETCATALOG_COMPILER_APPICON_NAME = AppIcon;
				INFOPLIST_FILE = FaceIt/Info.plist;
				LD_RUNPATH_SEARCH_PATHS = "$(inherited) @executable_path/Frameworks";
				PRODUCT_BUNDLE_IDENTIFIER = com.pinsonault.FaceIt;
				PRODUCT_NAME = "$(TARGET_NAME)";
			};
			name = Debug;
		};
		D477B7A41D2D4F6E00536C54 /* Release */ = {
			isa = XCBuildConfiguration;
			buildSettings = {
				ASSETCATALOG_COMPILER_APPICON_NAME = AppIcon;
				INFOPLIST_FILE = FaceIt/Info.plist;
				LD_RUNPATH_SEARCH_PATHS = "$(inherited) @executable_path/Frameworks";
				PRODUCT_BUNDLE_IDENTIFIER = com.pinsonault.FaceIt;
				PRODUCT_NAME = "$(TARGET_NAME)";
			};
			name = Release;
		};
/* End XCBuildConfiguration section */

/* Begin XCConfigurationList section */
		D477B78B1D2D4F6E00536C54 /* Build configuration list for PBXProject "FaceIt" */ = {
			isa = XCConfigurationList;
			buildConfigurations = (
				D477B7A01D2D4F6E00536C54 /* Debug */,
				D477B7A11D2D4F6E00536C54 /* Release */,
			);
			defaultConfigurationIsVisible = 0;
			defaultConfigurationName = Release;
		};
		D477B7A21D2D4F6E00536C54 /* Build configuration list for PBXNativeTarget "FaceIt" */ = {
			isa = XCConfigurationList;
			buildConfigurations = (
				D477B7A31D2D4F6E00536C54 /* Debug */,
				D477B7A41D2D4F6E00536C54 /* Release */,
			);
			defaultConfigurationIsVisible = 0;
		};
/* End XCConfigurationList section */
	};
	rootObject = D477B7881D2D4F6E00536C54 /* Project object */;
}
